
Microsoft Visual Studio Solution File, Format Version 12.00
# Visual Studio 15
VisualStudioVersion = 15.0.28307.572
MinimumVisualStudioVersion = 10.0.40219.1
Project("{FAE04EC0-301F-11D3-BF4B-00C04F79EFBC}") = "SimpleCalc", "SimpleCalc\SimpleCalc.csproj", "{BF14A48D-FB8B-44EF-A107-61267BAEAC80}"
EndProject
Global
	GlobalSection(SolutionConfigurationPlatforms) = preSolution
		Debug|Any CPU = Debug|Any CPU
		Release|Any CPU = Release|Any CPU
	EndGlobalSection
	GlobalSection(ProjectConfigurationPlatforms) = postSolution
		{BF14A48D-FB8B-44EF-A107-61267BAEAC80}.Debug|Any CPU.ActiveCfg = Debug|Any CPU
		{BF14A48D-FB8B-44EF-A107-61267BAEAC80}.Debug|Any CPU.Build.0 = Debug|Any CPU
		{BF14A48D-FB8B-44EF-A107-61267BAEAC80}.Release|Any CPU.ActiveCfg = Release|Any CPU
		{BF14A48D-FB8B-44EF-A107-61267BAEAC80}.Release|Any CPU.Build.0 = Release|Any CPU
	EndGlobalSection
	GlobalSection(SolutionProperties) = preSolution
		HideSolutionNode = FALSE
	EndGlobalSection
	GlobalSection(ExtensibilityGlobals) = postSolution
		SolutionGuid = {FABE9226-C7F3-473C-ABFA-86BB2B612F19}
	EndGlobalSection
EndGlobal
