
Microsoft Visual Studio Solution File, Format Version 12.00
# Visual Studio 15
VisualStudioVersion = 15.0.28307.572
MinimumVisualStudioVersion = 10.0.40219.1
Project("{FAE04EC0-301F-11D3-BF4B-00C04F79EFBC}") = "WindowsFormsApp3", "WindowsFormsApp3\WindowsFormsApp3.csproj", "{AAFC0119-3976-4186-967E-6F99A3B7D76B}"
EndProject
Global
	GlobalSection(SolutionConfigurationPlatforms) = preSolution
		Debug|Any CPU = Debug|Any CPU
		Release|Any CPU = Release|Any CPU
	EndGlobalSection
	GlobalSection(ProjectConfigurationPlatforms) = postSolution
		{AAFC0119-3976-4186-967E-6F99A3B7D76B}.Debug|Any CPU.ActiveCfg = Debug|Any CPU
		{AAFC0119-3976-4186-967E-6F99A3B7D76B}.Debug|Any CPU.Build.0 = Debug|Any CPU
		{AAFC0119-3976-4186-967E-6F99A3B7D76B}.Release|Any CPU.ActiveCfg = Release|Any CPU
		{AAFC0119-3976-4186-967E-6F99A3B7D76B}.Release|Any CPU.Build.0 = Release|Any CPU
	EndGlobalSection
	GlobalSection(SolutionProperties) = preSolution
		HideSolutionNode = FALSE
	EndGlobalSection
	GlobalSection(ExtensibilityGlobals) = postSolution
		SolutionGuid = {CA60737D-FD8B-497D-B46C-BF93D635015A}
	EndGlobalSection
EndGlobal
