
Microsoft Visual Studio Solution File, Format Version 12.00
# Visual Studio 15
VisualStudioVersion = 15.0.28307.572
MinimumVisualStudioVersion = 10.0.40219.1
Project("{FAE04EC0-301F-11D3-BF4B-00C04F79EFBC}") = "WebApplication1", "WebApplication1\WebApplication1.csproj", "{4DB87C36-0605-4DD9-911F-EC062F14AFCF}"
EndProject
Global
	GlobalSection(SolutionConfigurationPlatforms) = preSolution
		Debug|Any CPU = Debug|Any CPU
		Release|Any CPU = Release|Any CPU
	EndGlobalSection
	GlobalSection(ProjectConfigurationPlatforms) = postSolution
		{4DB87C36-0605-4DD9-911F-EC062F14AFCF}.Debug|Any CPU.ActiveCfg = Debug|Any CPU
		{4DB87C36-0605-4DD9-911F-EC062F14AFCF}.Debug|Any CPU.Build.0 = Debug|Any CPU
		{4DB87C36-0605-4DD9-911F-EC062F14AFCF}.Release|Any CPU.ActiveCfg = Release|Any CPU
		{4DB87C36-0605-4DD9-911F-EC062F14AFCF}.Release|Any CPU.Build.0 = Release|Any CPU
	EndGlobalSection
	GlobalSection(SolutionProperties) = preSolution
		HideSolutionNode = FALSE
	EndGlobalSection
	GlobalSection(ExtensibilityGlobals) = postSolution
		SolutionGuid = {CE095D02-4965-496B-B6FD-3A46F5038ABA}
	EndGlobalSection
EndGlobal
