
Microsoft Visual Studio Solution File, Format Version 12.00
# Visual Studio 15
VisualStudioVersion = 15.0.28307.572
MinimumVisualStudioVersion = 10.0.40219.1
Project("{FAE04EC0-301F-11D3-BF4B-00C04F79EFBC}") = "Car", "Car\Car.csproj", "{9141A9B5-984D-46D9-8836-32BBA7221DEE}"
EndProject
Global
	GlobalSection(SolutionConfigurationPlatforms) = preSolution
		Debug|Any CPU = Debug|Any CPU
		Release|Any CPU = Release|Any CPU
	EndGlobalSection
	GlobalSection(ProjectConfigurationPlatforms) = postSolution
		{9141A9B5-984D-46D9-8836-32BBA7221DEE}.Debug|Any CPU.ActiveCfg = Debug|Any CPU
		{9141A9B5-984D-46D9-8836-32BBA7221DEE}.Debug|Any CPU.Build.0 = Debug|Any CPU
		{9141A9B5-984D-46D9-8836-32BBA7221DEE}.Release|Any CPU.ActiveCfg = Release|Any CPU
		{9141A9B5-984D-46D9-8836-32BBA7221DEE}.Release|Any CPU.Build.0 = Release|Any CPU
	EndGlobalSection
	GlobalSection(SolutionProperties) = preSolution
		HideSolutionNode = FALSE
	EndGlobalSection
	GlobalSection(ExtensibilityGlobals) = postSolution
		SolutionGuid = {1976EE47-75C6-45F4-B9EF-38B0196B78B2}
	EndGlobalSection
EndGlobal
