
Microsoft Visual Studio Solution File, Format Version 12.00
# Visual Studio Version 16
VisualStudioVersion = 16.0.29001.49
MinimumVisualStudioVersion = 10.0.40219.1
Project("{FAE04EC0-301F-11D3-BF4B-00C04F79EFBC}") = "Ims.SandeepYadav", "Ims.SandeepYadav\Ims.SandeepYadav.csproj", "{ACDDA3DE-50E5-4949-A944-56610E39CB7A}"
EndProject
Global
	GlobalSection(SolutionConfigurationPlatforms) = preSolution
		Debug|Any CPU = Debug|Any CPU
		Release|Any CPU = Release|Any CPU
	EndGlobalSection
	GlobalSection(ProjectConfigurationPlatforms) = postSolution
		{ACDDA3DE-50E5-4949-A944-56610E39CB7A}.Debug|Any CPU.ActiveCfg = Debug|Any CPU
		{ACDDA3DE-50E5-4949-A944-56610E39CB7A}.Debug|Any CPU.Build.0 = Debug|Any CPU
		{ACDDA3DE-50E5-4949-A944-56610E39CB7A}.Release|Any CPU.ActiveCfg = Release|Any CPU
		{ACDDA3DE-50E5-4949-A944-56610E39CB7A}.Release|Any CPU.Build.0 = Release|Any CPU
	EndGlobalSection
	GlobalSection(SolutionProperties) = preSolution
		HideSolutionNode = FALSE
	EndGlobalSection
	GlobalSection(ExtensibilityGlobals) = postSolution
		SolutionGuid = {9A5257B7-9891-4FAE-8F2D-B4359EFDCCD5}
	EndGlobalSection
EndGlobal
