
Microsoft Visual Studio Solution File, Format Version 12.00
# Visual Studio 15
VisualStudioVersion = 15.0.28307.572
MinimumVisualStudioVersion = 10.0.40219.1
Project("{FAE04EC0-301F-11D3-BF4B-00C04F79EFBC}") = "Calculator", "Calculator\Calculator.csproj", "{9CB1025F-9E6A-478D-B455-C0A57CE2467B}"
EndProject
Global
	GlobalSection(SolutionConfigurationPlatforms) = preSolution
		Debug|Any CPU = Debug|Any CPU
		Release|Any CPU = Release|Any CPU
	EndGlobalSection
	GlobalSection(ProjectConfigurationPlatforms) = postSolution
		{9CB1025F-9E6A-478D-B455-C0A57CE2467B}.Debug|Any CPU.ActiveCfg = Debug|Any CPU
		{9CB1025F-9E6A-478D-B455-C0A57CE2467B}.Debug|Any CPU.Build.0 = Debug|Any CPU
		{9CB1025F-9E6A-478D-B455-C0A57CE2467B}.Release|Any CPU.ActiveCfg = Release|Any CPU
		{9CB1025F-9E6A-478D-B455-C0A57CE2467B}.Release|Any CPU.Build.0 = Release|Any CPU
	EndGlobalSection
	GlobalSection(SolutionProperties) = preSolution
		HideSolutionNode = FALSE
	EndGlobalSection
	GlobalSection(ExtensibilityGlobals) = postSolution
		SolutionGuid = {784F125B-D1A8-4015-8BF9-9FEBA92832E1}
	EndGlobalSection
EndGlobal
