
Microsoft Visual Studio Solution File, Format Version 12.00
# Visual Studio Version 16
VisualStudioVersion = 16.0.29025.244
MinimumVisualStudioVersion = 10.0.40219.1
Project("{FAE04EC0-301F-11D3-BF4B-00C04F79EFBC}") = "WebSampleProject", "WebSampleProject\WebSampleProject.csproj", "{3A855636-D407-4304-9CBE-1C5FDE4BC9EC}"
EndProject
Global
	GlobalSection(SolutionConfigurationPlatforms) = preSolution
		Debug|Any CPU = Debug|Any CPU
		Release|Any CPU = Release|Any CPU
	EndGlobalSection
	GlobalSection(ProjectConfigurationPlatforms) = postSolution
		{3A855636-D407-4304-9CBE-1C5FDE4BC9EC}.Debug|Any CPU.ActiveCfg = Debug|Any CPU
		{3A855636-D407-4304-9CBE-1C5FDE4BC9EC}.Debug|Any CPU.Build.0 = Debug|Any CPU
		{3A855636-D407-4304-9CBE-1C5FDE4BC9EC}.Release|Any CPU.ActiveCfg = Release|Any CPU
		{3A855636-D407-4304-9CBE-1C5FDE4BC9EC}.Release|Any CPU.Build.0 = Release|Any CPU
	EndGlobalSection
	GlobalSection(SolutionProperties) = preSolution
		HideSolutionNode = FALSE
	EndGlobalSection
	GlobalSection(ExtensibilityGlobals) = postSolution
		SolutionGuid = {CF649874-281E-4381-98F4-2CBE8B73A304}
	EndGlobalSection
EndGlobal
