
Microsoft Visual Studio Solution File, Format Version 12.00
# Visual Studio Version 16
VisualStudioVersion = 16.0.29025.244
MinimumVisualStudioVersion = 10.0.40219.1
Project("{8BC9CEB8-8B4A-11D0-8D11-00A0C91BC942}") = "spotify", "spotify\spotify.vcxproj", "{DF9205FD-4EBE-4E9E-B168-D74E988AAFFA}"
EndProject
Global
	GlobalSection(SolutionConfigurationPlatforms) = preSolution
		Debug|x64 = Debug|x64
		Debug|x86 = Debug|x86
		Release|x64 = Release|x64
		Release|x86 = Release|x86
	EndGlobalSection
	GlobalSection(ProjectConfigurationPlatforms) = postSolution
		{DF9205FD-4EBE-4E9E-B168-D74E988AAFFA}.Debug|x64.ActiveCfg = Debug|x64
		{DF9205FD-4EBE-4E9E-B168-D74E988AAFFA}.Debug|x64.Build.0 = Debug|x64
		{DF9205FD-4EBE-4E9E-B168-D74E988AAFFA}.Debug|x86.ActiveCfg = Debug|Win32
		{DF9205FD-4EBE-4E9E-B168-D74E988AAFFA}.Debug|x86.Build.0 = Debug|Win32
		{DF9205FD-4EBE-4E9E-B168-D74E988AAFFA}.Release|x64.ActiveCfg = Release|x64
		{DF9205FD-4EBE-4E9E-B168-D74E988AAFFA}.Release|x64.Build.0 = Release|x64
		{DF9205FD-4EBE-4E9E-B168-D74E988AAFFA}.Release|x86.ActiveCfg = Release|Win32
		{DF9205FD-4EBE-4E9E-B168-D74E988AAFFA}.Release|x86.Build.0 = Release|Win32
	EndGlobalSection
	GlobalSection(SolutionProperties) = preSolution
		HideSolutionNode = FALSE
	EndGlobalSection
	GlobalSection(ExtensibilityGlobals) = postSolution
		SolutionGuid = {1C7AD2A3-0252-473D-A23D-C0072D5F365B}
	EndGlobalSection
EndGlobal
